# THIS IS AN AUTOGENERATED FILE. DO NOT EDIT THIS FILE DIRECTLY.
# yarn lockfile v1


"@angular/common@2.4.3":
  version "2.4.3"
  resolved "https://registry.yarnpkg.com/@angular/common/-/common-2.4.3.tgz#78d96bd2f8a1a105f635cd25e362ba5704b47f56"

"@angular/common@~2.3.1":
  version "2.3.1"
  resolved "https://registry.yarnpkg.com/@angular/common/-/common-2.3.1.tgz#146c2ed44e02b0f291dd9d4b2e5e2a693057e9bc"

"@angular/compiler@2.4.3":
  version "2.4.3"
  resolved "https://registry.yarnpkg.com/@angular/compiler/-/compiler-2.4.3.tgz#76a41916f90eda66643107740c4a9ae45cb7a6c1"

"@angular/compiler@~2.3.1":
  version "2.3.1"
  resolved "https://registry.yarnpkg.com/@angular/compiler/-/compiler-2.3.1.tgz#0c57f848e41432bac3201c29b645dd4dd099d2f9"

"@angular/core@2.4.3":
  version "2.4.3"
  resolved "https://registry.yarnpkg.com/@angular/core/-/core-2.4.3.tgz#a72a13bb9f01659b8388558cd6e3a570a8434b1c"

"@angular/core@~2.3.1":
  version "2.3.1"
  resolved "https://registry.yarnpkg.com/@angular/core/-/core-2.3.1.tgz#be6e91fdfdd7498506604263e051797cf67a47be"

"@angular/forms@2.4.3":
  version "2.4.3"
  resolved "https://registry.yarnpkg.com/@angular/forms/-/forms-2.4.3.tgz#0b4f59b8074e3d0fe987781e0f2af1ca1eec212b"

"@angular/forms@~2.3.1":
  version "2.3.1"
  resolved "https://registry.yarnpkg.com/@angular/forms/-/forms-2.3.1.tgz#2177e0513c5177fc6e4d140473e7b9f0b9dfd069"

"@angular/http@2.4.3":
  version "2.4.3"
  resolved "https://registry.yarnpkg.com/@angular/http/-/http-2.4.3.tgz#d8afca7362efb010600fde02360e01e848579be6"

"@angular/http@~2.3.1":
  version "2.3.1"
  resolved "https://registry.yarnpkg.com/@angular/http/-/http-2.3.1.tgz#3dda85771dccea49d5e08a47366a7168e3435141"

"@angular/platform-browser-dynamic@2.4.3":
  version "2.4.3"
  resolved "https://registry.yarnpkg.com/@angular/platform-browser-dynamic/-/platform-browser-dynamic-2.4.3.tgz#d65cc9bc4487e2a86e2c6f6641c711fccfa90c5a"

"@angular/platform-browser-dynamic@~2.3.1":
  version "2.3.1"
  resolved "https://registry.yarnpkg.com/@angular/platform-browser-dynamic/-/platform-browser-dynamic-2.3.1.tgz#d01f3c0c25c628be83c308e83d53128222f558fa"

"@angular/platform-browser@2.4.3":
  version "2.4.3"
  resolved "https://registry.yarnpkg.com/@angular/platform-browser/-/platform-browser-2.4.3.tgz#eba8588d2fffc39d0b85a9180c297d9ca2f1f3a4"

"@angular/platform-browser@~2.3.1":
  version "2.3.1"
  resolved "https://registry.yarnpkg.com/@angular/platform-browser/-/platform-browser-2.3.1.tgz#114309150876188e0df8841b20ca2359fd5e7cad"

"@angular/router@3.4.3":
  version "3.4.3"
  resolved "https://registry.yarnpkg.com/@angular/router/-/router-3.4.3.tgz#19846caa1f87d9b83f005f45a2be15b6744db8fd"

"@angular/router@~3.3.1":
  version "3.3.1"
  resolved "https://registry.yarnpkg.com/@angular/router/-/router-3.3.1.tgz#7bae01d165232f5bb5b8ec01e22943e44eb4af88"

accepts@1.3.3:
  version "1.3.3"
  resolved "https://registry.yarnpkg.com/accepts/-/accepts-1.3.3.tgz#c3ca7434938648c3e0d9c1e328dd68b622c284ca"
  dependencies:
    mime-types "~2.1.11"
    negotiator "0.6.1"

adm-zip@^0.4.7:
  version "0.4.7"
  resolved "https://registry.yarnpkg.com/adm-zip/-/adm-zip-0.4.7.tgz#8606c2cbf1c426ce8c8ec00174447fd49b6eafc1"

after@0.8.2:
  version "0.8.2"
  resolved "https://registry.yarnpkg.com/after/-/after-0.8.2.tgz#fedb394f9f0e02aa9768e702bda23b505fae7e1f"

ansi-regex@^2.0.0:
  version "2.1.1"
  resolved "https://registry.yarnpkg.com/ansi-regex/-/ansi-regex-2.1.1.tgz#c3b33ab5ee360d86e0e628f0468ae7ef27d654df"

ansi-styles@^2.2.1:
  version "2.2.1"
  resolved "https://registry.yarnpkg.com/ansi-styles/-/ansi-styles-2.2.1.tgz#b432dd3358b634cf75e1e4664368240533c1ddbe"

arraybuffer.slice@0.0.6:
  version "0.0.6"
  resolved "https://registry.yarnpkg.com/arraybuffer.slice/-/arraybuffer.slice-0.0.6.tgz#f33b2159f0532a3f3107a272c0ccfbd1ad2979ca"

babel-code-frame@^6.16.0:
  version "6.22.0"
  resolved "https://registry.yarnpkg.com/babel-code-frame/-/babel-code-frame-6.22.0.tgz#027620bee567a88c32561574e7fd0801d33118e4"
  dependencies:
    chalk "^1.1.0"
    esutils "^2.0.2"
    js-tokens "^3.0.0"

babel-messages@^6.8.0:
  version "6.22.0"
  resolved "https://registry.yarnpkg.com/babel-messages/-/babel-messages-6.22.0.tgz#36066a214f1217e4ed4164867669ecb39e3ea575"
  dependencies:
    babel-runtime "^6.22.0"

babel-runtime@^6.22.0, babel-runtime@^6.9.0, babel-runtime@^6.9.1:
  version "6.22.0"
  resolved "https://registry.yarnpkg.com/babel-runtime/-/babel-runtime-6.22.0.tgz#1cf8b4ac67c77a4ddb0db2ae1f74de52ac4ca611"
  dependencies:
    core-js "^2.4.0"
    regenerator-runtime "^0.10.0"

babel-traverse@6.18.0:
  version "6.18.0"
  resolved "https://registry.yarnpkg.com/babel-traverse/-/babel-traverse-6.18.0.tgz#5aeaa980baed2a07c8c47329cd90c3b90c80f05e"
  dependencies:
    babel-code-frame "^6.16.0"
    babel-messages "^6.8.0"
    babel-runtime "^6.9.0"
    babel-types "^6.18.0"
    babylon "^6.11.0"
    debug "^2.2.0"
    globals "^9.0.0"
    invariant "^2.2.0"
    lodash "^4.2.0"

babel-types@6.18.0, babel-types@^6.18.0:
  version "6.18.0"
  resolved "https://registry.yarnpkg.com/babel-types/-/babel-types-6.18.0.tgz#1f7d5a73474c59eb9151b2417bbff4e4fce7c3f8"
  dependencies:
    babel-runtime "^6.9.1"
    esutils "^2.0.2"
    lodash "^4.2.0"
    to-fast-properties "^1.0.1"

babylon@6.13.1, babylon@^6.11.0:
  version "6.13.1"
  resolved "https://registry.yarnpkg.com/babylon/-/babylon-6.13.1.tgz#adca350e088f0467647157652bafead6ddb8dfdb"

backo2@1.0.2:
  version "1.0.2"
  resolved "https://registry.yarnpkg.com/backo2/-/backo2-1.0.2.tgz#31ab1ac8b129363463e35b3ebb69f4dfcfba7947"

balanced-match@^0.4.1:
  version "0.4.2"
  resolved "https://registry.yarnpkg.com/balanced-match/-/balanced-match-0.4.2.tgz#cb3f3e3c732dc0f01ee70b403f302e61d7709838"

base64-arraybuffer@0.1.5:
  version "0.1.5"
  resolved "https://registry.yarnpkg.com/base64-arraybuffer/-/base64-arraybuffer-0.1.5.tgz#73926771923b5a19747ad666aa5cd4bf9c6e9ce8"

base64id@1.0.0:
  version "1.0.0"
  resolved "https://registry.yarnpkg.com/base64id/-/base64id-1.0.0.tgz#47688cb99bb6804f0e06d3e763b1c32e57d8e6b6"

better-assert@~1.0.0:
  version "1.0.2"
  resolved "https://registry.yarnpkg.com/better-assert/-/better-assert-1.0.2.tgz#40866b9e1b9e0b55b481894311e68faffaebc522"
  dependencies:
    callsite "1.0.0"

blob@0.0.4:
  version "0.0.4"
  resolved "https://registry.yarnpkg.com/blob/-/blob-0.0.4.tgz#bcf13052ca54463f30f9fc7e95b9a47630a94921"

brace-expansion@^1.0.0:
  version "1.1.6"
  resolved "https://registry.yarnpkg.com/brace-expansion/-/brace-expansion-1.1.6.tgz#7197d7eaa9b87e648390ea61fc66c84427420df9"
  dependencies:
    balanced-match "^0.4.1"
    concat-map "0.0.1"

callsite@1.0.0:
  version "1.0.0"
  resolved "https://registry.yarnpkg.com/callsite/-/callsite-1.0.0.tgz#280398e5d664bd74038b6f0905153e6e8af1bc20"

chalk@^1.1.0:
  version "1.1.3"
  resolved "https://registry.yarnpkg.com/chalk/-/chalk-1.1.3.tgz#a8115c55e4a702fe4d150abd3872822a7e09fc98"
  dependencies:
    ansi-styles "^2.2.1"
    escape-string-regexp "^1.0.2"
    has-ansi "^2.0.0"
    strip-ansi "^3.0.0"
    supports-color "^2.0.0"

component-bind@1.0.0:
  version "1.0.0"
  resolved "https://registry.yarnpkg.com/component-bind/-/component-bind-1.0.0.tgz#00c608ab7dcd93897c0009651b1d3a8e1e73bbd1"

component-emitter@1.1.2:
  version "1.1.2"
  resolved "https://registry.yarnpkg.com/component-emitter/-/component-emitter-1.1.2.tgz#296594f2753daa63996d2af08d15a95116c9aec3"

component-emitter@1.2.1:
  version "1.2.1"
  resolved "https://registry.yarnpkg.com/component-emitter/-/component-emitter-1.2.1.tgz#137918d6d78283f7df7a6b7c5a63e140e69425e6"

component-inherit@0.0.3:
  version "0.0.3"
  resolved "https://registry.yarnpkg.com/component-inherit/-/component-inherit-0.0.3.tgz#645fc4adf58b72b649d5cae65135619db26ff143"

concat-map@0.0.1:
  version "0.0.1"
  resolved "https://registry.yarnpkg.com/concat-map/-/concat-map-0.0.1.tgz#d8a96bd77fd68df7793a73036a3ba0d5405d477b"

cookie@0.3.1:
  version "0.3.1"
  resolved "https://registry.yarnpkg.com/cookie/-/cookie-0.3.1.tgz#e7e0a1f9ef43b4c8ba925c5c5a96e806d16873bb"

core-js@^2.4.0:
  version "2.4.1"
  resolved "https://registry.yarnpkg.com/core-js/-/core-js-2.4.1.tgz#4de911e667b0eae9124e34254b53aea6fc618d3e"

debug@2.2.0:
  version "2.2.0"
  resolved "https://registry.yarnpkg.com/debug/-/debug-2.2.0.tgz#f87057e995b1a1f6ae6a4960664137bc56f039da"
  dependencies:
    ms "0.7.1"

debug@2.3.3:
  version "2.3.3"
  resolved "https://registry.yarnpkg.com/debug/-/debug-2.3.3.tgz#40c453e67e6e13c901ddec317af8986cda9eff8c"
  dependencies:
    ms "0.7.2"

debug@^2.2.0:
  version "2.6.1"
  resolved "https://registry.yarnpkg.com/debug/-/debug-2.6.1.tgz#79855090ba2c4e3115cc7d8769491d58f0491351"
  dependencies:
    ms "0.7.2"

engine.io-client@1.8.2:
  version "1.8.2"
  resolved "https://registry.yarnpkg.com/engine.io-client/-/engine.io-client-1.8.2.tgz#c38767547f2a7d184f5752f6f0ad501006703766"
  dependencies:
    component-emitter "1.2.1"
    component-inherit "0.0.3"
    debug "2.3.3"
    engine.io-parser "1.3.2"
    has-cors "1.1.0"
    indexof "0.0.1"
    parsejson "0.0.3"
    parseqs "0.0.5"
    parseuri "0.0.5"
    ws "1.1.1"
    xmlhttprequest-ssl "1.5.3"
    yeast "0.1.2"

engine.io-parser@1.3.2:
  version "1.3.2"
  resolved "https://registry.yarnpkg.com/engine.io-parser/-/engine.io-parser-1.3.2.tgz#937b079f0007d0893ec56d46cb220b8cb435220a"
  dependencies:
    after "0.8.2"
    arraybuffer.slice "0.0.6"
    base64-arraybuffer "0.1.5"
    blob "0.0.4"
    has-binary "0.1.7"
    wtf-8 "1.0.0"

engine.io@1.8.2:
  version "1.8.2"
  resolved "https://registry.yarnpkg.com/engine.io/-/engine.io-1.8.2.tgz#6b59be730b348c0125b0a4589de1c355abcf7a7e"
  dependencies:
    accepts "1.3.3"
    base64id "1.0.0"
    cookie "0.3.1"
    debug "2.3.3"
    engine.io-parser "1.3.2"
    ws "1.1.1"

escape-string-regexp@^1.0.2:
  version "1.0.5"
  resolved "https://registry.yarnpkg.com/escape-string-regexp/-/escape-string-regexp-1.0.5.tgz#1b61c0562190a8dff6ae3bb2cf0200ca130b86d4"

esutils@^2.0.2:
  version "2.0.2"
  resolved "https://registry.yarnpkg.com/esutils/-/esutils-2.0.2.tgz#0abf4f1caa5bcb1f7a9d8acc6dea4faaa04bac9b"

glob@^6.0.1:
  version "6.0.4"
  resolved "https://registry.yarnpkg.com/glob/-/glob-6.0.4.tgz#0f08860f6a155127b2fadd4f9ce24b1aab6e4d22"
  dependencies:
    inflight "^1.0.4"
    inherits "2"
    minimatch "2 || 3"
    once "^1.3.0"
    path-is-absolute "^1.0.0"

globals@^9.0.0:
  version "9.14.0"
  resolved "https://registry.yarnpkg.com/globals/-/globals-9.14.0.tgz#8859936af0038741263053b39d0e76ca241e4034"

has-ansi@^2.0.0:
  version "2.0.0"
  resolved "https://registry.yarnpkg.com/has-ansi/-/has-ansi-2.0.0.tgz#34f5049ce1ecdf2b0649af3ef24e45ed35416d91"
  dependencies:
    ansi-regex "^2.0.0"

has-binary@0.1.7:
  version "0.1.7"
  resolved "https://registry.yarnpkg.com/has-binary/-/has-binary-0.1.7.tgz#68e61eb16210c9545a0a5cce06a873912fe1e68c"
  dependencies:
    isarray "0.0.1"

has-cors@1.1.0:
  version "1.1.0"
  resolved "https://registry.yarnpkg.com/has-cors/-/has-cors-1.1.0.tgz#5e474793f7ea9843d1bb99c23eef49ff126fff39"

indexof@0.0.1:
  version "0.0.1"
  resolved "https://registry.yarnpkg.com/indexof/-/indexof-0.0.1.tgz#82dc336d232b9062179d05ab3293a66059fd435d"

inflight@^1.0.4:
  version "1.0.6"
  resolved "https://registry.yarnpkg.com/inflight/-/inflight-1.0.6.tgz#49bd6331d7d02d0c09bc910a1075ba8165b56df9"
  dependencies:
    once "^1.3.0"
    wrappy "1"

inherits@2:
  version "2.0.3"
  resolved "https://registry.yarnpkg.com/inherits/-/inherits-2.0.3.tgz#633c2c83e3da42a502f52466022480f4208261de"

invariant@^2.2.0:
  version "2.2.2"
  resolved "https://registry.yarnpkg.com/invariant/-/invariant-2.2.2.tgz#9e1f56ac0acdb6bf303306f338be3b204ae60360"
  dependencies:
    loose-envify "^1.0.0"

isarray@0.0.1:
  version "0.0.1"
  resolved "https://registry.yarnpkg.com/isarray/-/isarray-0.0.1.tgz#8a18acfca9a8f4177e09abfc6038939b05d1eedf"

js-tokens@^3.0.0:
  version "3.0.1"
  resolved "https://registry.yarnpkg.com/js-tokens/-/js-tokens-3.0.1.tgz#08e9f132484a2c45a30907e9dc4d5567b7f114d7"

json3@3.3.2:
  version "3.3.2"
  resolved "https://registry.yarnpkg.com/json3/-/json3-3.3.2.tgz#3c0434743df93e2f5c42aee7b19bcb483575f4e1"

lazy@1.0.11:
  version "1.0.11"
  resolved "https://registry.yarnpkg.com/lazy/-/lazy-1.0.11.tgz#daa068206282542c088288e975c297c1ae77b690"

lodash@^4.2.0:
  version "4.17.4"
  resolved "https://registry.yarnpkg.com/lodash/-/lodash-4.17.4.tgz#78203a4d1c328ae1d86dca6460e369b57f4055ae"

loose-envify@^1.0.0:
  version "1.3.1"
  resolved "https://registry.yarnpkg.com/loose-envify/-/loose-envify-1.3.1.tgz#d1a8ad33fa9ce0e713d65fdd0ac8b748d478c848"
  dependencies:
    js-tokens "^3.0.0"

mime-db@~1.26.0:
  version "1.26.0"
  resolved "https://registry.yarnpkg.com/mime-db/-/mime-db-1.26.0.tgz#eaffcd0e4fc6935cf8134da246e2e6c35305adff"

mime-types@~2.1.11:
  version "2.1.14"
  resolved "https://registry.yarnpkg.com/mime-types/-/mime-types-2.1.14.tgz#f7ef7d97583fcaf3b7d282b6f8b5679dab1e94ee"
  dependencies:
    mime-db "~1.26.0"

"minimatch@2 || 3":
  version "3.0.3"
  resolved "https://registry.yarnpkg.com/minimatch/-/minimatch-3.0.3.tgz#2a4e4090b96b2db06a9d7df01055a62a77c9b774"
  dependencies:
    brace-expansion "^1.0.0"

minimist@0.0.8:
  version "0.0.8"
  resolved "https://registry.yarnpkg.com/minimist/-/minimist-0.0.8.tgz#857fcabfc3397d2625b8228262e86aa7a011b05d"

mkdirp@^0.5.1:
  version "0.5.1"
  resolved "https://registry.yarnpkg.com/mkdirp/-/mkdirp-0.5.1.tgz#30057438eac6cf7f8c4767f38648d6697d75c903"
  dependencies:
    minimist "0.0.8"

ms@0.7.1:
  version "0.7.1"
  resolved "https://registry.yarnpkg.com/ms/-/ms-0.7.1.tgz#9cd13c03adbff25b65effde7ce864ee952017098"

ms@0.7.2:
  version "0.7.2"
  resolved "https://registry.yarnpkg.com/ms/-/ms-0.7.2.tgz#ae25cf2512b3885a1d95d7f037868d8431124765"

nativescript-angular@1.3.0:
  version "1.3.0"
  resolved "https://registry.yarnpkg.com/nativescript-angular/-/nativescript-angular-1.3.0.tgz#b6e6b427adbde339b7c6340180effba1ac8aaefb"
  dependencies:
    "@angular/common" "~2.3.1"
    "@angular/compiler" "~2.3.1"
    "@angular/core" "~2.3.1"
    "@angular/forms" "~2.3.1"
    "@angular/http" "~2.3.1"
    "@angular/platform-browser" "~2.3.1"
    "@angular/platform-browser-dynamic" "~2.3.1"
    "@angular/router" "~3.3.1"
    nativescript-intl "~0.0.8"
    parse5 "1.3.2"
    punycode "1.3.2"
    querystring "0.2.0"
    reflect-metadata "~0.1.8"
    rxjs "5.0.0-rc.4"
    url "0.10.3"

nativescript-dev-android-snapshot@^0.*.*:
  version "0.0.6"
  resolved "https://registry.yarnpkg.com/nativescript-dev-android-snapshot/-/nativescript-dev-android-snapshot-0.0.6.tgz#f007edc7106aa9cb36b86660ab4c1f5a973c72b2"
  dependencies:
    adm-zip "^0.4.7"
    nativescript-hook "^0.2.1"
    semver "^5.1.0"
    shelljs "^0.6.0"

nativescript-dev-typescript@^0.3.2:
  version "0.3.7"
  resolved "https://registry.yarnpkg.com/nativescript-dev-typescript/-/nativescript-dev-typescript-0.3.7.tgz#e9c982eeca2347349245d45b3f6ba2c18164050a"
  dependencies:
    nativescript-hook "^0.2.0"

nativescript-hook@^0.2.0, nativescript-hook@^0.2.1:
  version "0.2.1"
  resolved "https://registry.yarnpkg.com/nativescript-hook/-/nativescript-hook-0.2.1.tgz#786225056db20fa49e786451dccd64b52e3864d9"
  dependencies:
    glob "^6.0.1"
    mkdirp "^0.5.1"

nativescript-intl@~0.0.8:
  version "0.0.10"
  resolved "https://registry.yarnpkg.com/nativescript-intl/-/nativescript-intl-0.0.10.tgz#2a310f07f627344f75db547177db18298d430b0e"

nativescript-socketio@^2.2.9:
  version "2.2.9"
  resolved "https://registry.yarnpkg.com/nativescript-socketio/-/nativescript-socketio-2.2.9.tgz#10ef0ba805fce054df860ae3a5c1e257ed200155"

nativescript-telerik-ui@^1.5.1:
  version "1.6.0"
  resolved "https://registry.yarnpkg.com/nativescript-telerik-ui/-/nativescript-telerik-ui-1.6.0.tgz#edc48675150e4d7e253e5fa826746a8e8518d094"

nativescript-theme-core@1.0.2:
  version "1.0.2"
  resolved "https://registry.yarnpkg.com/nativescript-theme-core/-/nativescript-theme-core-1.0.2.tgz#712e80b702316abaa4e7d738825573f9e6bae658"

negotiator@0.6.1:
  version "0.6.1"
  resolved "https://registry.yarnpkg.com/negotiator/-/negotiator-0.6.1.tgz#2b327184e8992101177b28563fb5e7102acd0ca9"

object-assign@4.1.0:
  version "4.1.0"
  resolved "https://registry.yarnpkg.com/object-assign/-/object-assign-4.1.0.tgz#7a3b3d0e98063d43f4c03f2e8ae6cd51a86883a0"

object-component@0.0.3:
  version "0.0.3"
  resolved "https://registry.yarnpkg.com/object-component/-/object-component-0.0.3.tgz#f0c69aa50efc95b866c186f400a33769cb2f1291"

once@^1.3.0:
  version "1.4.0"
  resolved "https://registry.yarnpkg.com/once/-/once-1.4.0.tgz#583b1aa775961d4b113ac17d9c50baef9dd76bd1"
  dependencies:
    wrappy "1"

options@>=0.0.5:
  version "0.0.6"
  resolved "https://registry.yarnpkg.com/options/-/options-0.0.6.tgz#ec22d312806bb53e731773e7cdaefcf1c643128f"

parse5@1.3.2:
  version "1.3.2"
  resolved "https://registry.yarnpkg.com/parse5/-/parse5-1.3.2.tgz#d9c9fca0aa7ee7be0f9690426dd4f9d1852af8ee"

parsejson@0.0.3:
  version "0.0.3"
  resolved "https://registry.yarnpkg.com/parsejson/-/parsejson-0.0.3.tgz#ab7e3759f209ece99437973f7d0f1f64ae0e64ab"
  dependencies:
    better-assert "~1.0.0"

parseqs@0.0.5:
  version "0.0.5"
  resolved "https://registry.yarnpkg.com/parseqs/-/parseqs-0.0.5.tgz#d5208a3738e46766e291ba2ea173684921a8b89d"
  dependencies:
    better-assert "~1.0.0"

parseuri@0.0.5:
  version "0.0.5"
  resolved "https://registry.yarnpkg.com/parseuri/-/parseuri-0.0.5.tgz#80204a50d4dbb779bfdc6ebe2778d90e4bce320a"
  dependencies:
    better-assert "~1.0.0"

path-is-absolute@^1.0.0:
  version "1.0.1"
  resolved "https://registry.yarnpkg.com/path-is-absolute/-/path-is-absolute-1.0.1.tgz#174b9268735534ffbc7ace6bf53a5a9e1b5c5f5f"

punycode@1.3.2:
  version "1.3.2"
  resolved "https://registry.yarnpkg.com/punycode/-/punycode-1.3.2.tgz#9653a036fb7c1ee42342f2325cceefea3926c48d"

querystring@0.2.0:
  version "0.2.0"
  resolved "https://registry.yarnpkg.com/querystring/-/querystring-0.2.0.tgz#b209849203bb25df820da756e747005878521620"

reflect-metadata@~0.1.8:
  version "0.1.9"
  resolved "https://registry.yarnpkg.com/reflect-metadata/-/reflect-metadata-0.1.9.tgz#987238dc87a516895fe457f130435ffbd763a4d4"

regenerator-runtime@^0.10.0:
  version "0.10.1"
  resolved "https://registry.yarnpkg.com/regenerator-runtime/-/regenerator-runtime-0.10.1.tgz#257f41961ce44558b18f7814af48c17559f9faeb"

rxjs@5.0.0-rc.4:
  version "5.0.0-rc.4"
  resolved "https://registry.yarnpkg.com/rxjs/-/rxjs-5.0.0-rc.4.tgz#a4d08bc5d7f30d48ed7130e2995490c326a325c4"
  dependencies:
    symbol-observable "^1.0.1"

rxjs@~5.0.1:
  version "5.0.3"
  resolved "https://registry.yarnpkg.com/rxjs/-/rxjs-5.0.3.tgz#fc8bdf464ebf938812748e4196788f392fef9754"
  dependencies:
    symbol-observable "^1.0.1"

semver@^5.1.0:
  version "5.3.0"
  resolved "https://registry.yarnpkg.com/semver/-/semver-5.3.0.tgz#9b2ce5d3de02d17c6012ad326aa6b4d0cf54f94f"

shelljs@^0.6.0:
  version "0.6.1"
  resolved "https://registry.yarnpkg.com/shelljs/-/shelljs-0.6.1.tgz#ec6211bed1920442088fe0f70b2837232ed2c8a8"

socket.io-adapter@0.5.0:
  version "0.5.0"
  resolved "https://registry.yarnpkg.com/socket.io-adapter/-/socket.io-adapter-0.5.0.tgz#cb6d4bb8bec81e1078b99677f9ced0046066bb8b"
  dependencies:
    debug "2.3.3"
    socket.io-parser "2.3.1"

socket.io-client@1.7.2:
  version "1.7.2"
  resolved "https://registry.yarnpkg.com/socket.io-client/-/socket.io-client-1.7.2.tgz#39fdb0c3dd450e321b7e40cfd83612ec533dd644"
  dependencies:
    backo2 "1.0.2"
    component-bind "1.0.0"
    component-emitter "1.2.1"
    debug "2.3.3"
    engine.io-client "1.8.2"
    has-binary "0.1.7"
    indexof "0.0.1"
    object-component "0.0.3"
    parseuri "0.0.5"
    socket.io-parser "2.3.1"
    to-array "0.1.4"

socket.io-parser@2.3.1:
  version "2.3.1"
  resolved "https://registry.yarnpkg.com/socket.io-parser/-/socket.io-parser-2.3.1.tgz#dd532025103ce429697326befd64005fcfe5b4a0"
  dependencies:
    component-emitter "1.1.2"
    debug "2.2.0"
    isarray "0.0.1"
    json3 "3.3.2"

socket.io@^1.7.2:
  version "1.7.2"
  resolved "https://registry.yarnpkg.com/socket.io/-/socket.io-1.7.2.tgz#83bbbdf2e79263b378900da403e7843e05dc3b71"
  dependencies:
    debug "2.3.3"
    engine.io "1.8.2"
    has-binary "0.1.7"
    object-assign "4.1.0"
    socket.io-adapter "0.5.0"
    socket.io-client "1.7.2"
    socket.io-parser "2.3.1"

strip-ansi@^3.0.0:
  version "3.0.1"
  resolved "https://registry.yarnpkg.com/strip-ansi/-/strip-ansi-3.0.1.tgz#6a385fb8853d952d5ff05d0e8aaf94278dc63dcf"
  dependencies:
    ansi-regex "^2.0.0"

supports-color@^2.0.0:
  version "2.0.0"
  resolved "https://registry.yarnpkg.com/supports-color/-/supports-color-2.0.0.tgz#535d045ce6b6363fa40117084629995e9df324c7"

symbol-observable@^1.0.1:
  version "1.0.4"
  resolved "https://registry.yarnpkg.com/symbol-observable/-/symbol-observable-1.0.4.tgz#29bf615d4aa7121bdd898b22d4b3f9bc4e2aa03d"

tns-core-modules-widgets@2.4.0:
  version "2.4.0"
  resolved "https://registry.yarnpkg.com/tns-core-modules-widgets/-/tns-core-modules-widgets-2.4.0.tgz#95de9f147268e806d6cf6bc8761ca235dd194f73"

tns-core-modules@2.4.4:
  version "2.4.4"
  resolved "https://registry.yarnpkg.com/tns-core-modules/-/tns-core-modules-2.4.4.tgz#0a748ad373c3bd379a7a099fcbbc637aaa210644"
  dependencies:
    tns-core-modules-widgets "2.4.0"

to-array@0.1.4:
  version "0.1.4"
  resolved "https://registry.yarnpkg.com/to-array/-/to-array-0.1.4.tgz#17e6c11f73dd4f3d74cda7a4ff3238e9ad9bf890"

to-fast-properties@^1.0.1:
  version "1.0.2"
  resolved "https://registry.yarnpkg.com/to-fast-properties/-/to-fast-properties-1.0.2.tgz#f3f5c0c3ba7299a7ef99427e44633257ade43320"

typescript@~2.1.0:
  version "2.1.6"
  resolved "https://registry.yarnpkg.com/typescript/-/typescript-2.1.6.tgz#40c7e6e9e5da7961b7718b55505f9cac9487a607"

ultron@1.0.x:
  version "1.0.2"
  resolved "https://registry.yarnpkg.com/ultron/-/ultron-1.0.2.tgz#ace116ab557cd197386a4e88f4685378c8b2e4fa"

url@0.10.3:
  version "0.10.3"
  resolved "https://registry.yarnpkg.com/url/-/url-0.10.3.tgz#021e4d9c7705f21bbf37d03ceb58767402774c64"
  dependencies:
    punycode "1.3.2"
    querystring "0.2.0"

wrappy@1:
  version "1.0.2"
  resolved "https://registry.yarnpkg.com/wrappy/-/wrappy-1.0.2.tgz#b5243d8f3ec1aa35f1364605bc0d1036e30ab69f"

ws@1.1.1:
  version "1.1.1"
  resolved "https://registry.yarnpkg.com/ws/-/ws-1.1.1.tgz#082ddb6c641e85d4bb451f03d52f06eabdb1f018"
  dependencies:
    options ">=0.0.5"
    ultron "1.0.x"

wtf-8@1.0.0:
  version "1.0.0"
  resolved "https://registry.yarnpkg.com/wtf-8/-/wtf-8-1.0.0.tgz#392d8ba2d0f1c34d1ee2d630f15d0efb68e1048a"

xmlhttprequest-ssl@1.5.3:
  version "1.5.3"
  resolved "https://registry.yarnpkg.com/xmlhttprequest-ssl/-/xmlhttprequest-ssl-1.5.3.tgz#185a888c04eca46c3e4070d99f7b49de3528992d"

yeast@0.1.2:
  version "0.1.2"
  resolved "https://registry.yarnpkg.com/yeast/-/yeast-0.1.2.tgz#008e06d8094320c372dbc2f8ed76a0ca6c8ac419"

zone.js@~0.7.2:
  version "0.7.6"
  resolved "https://registry.yarnpkg.com/zone.js/-/zone.js-0.7.6.tgz#fbbc39d3e0261d0986f1ba06306eb3aeb0d22009"
